
Microsoft Visual Studio Solution File, Format Version 12.00
# Visual Studio Version 16
VisualStudioVersion = 16.0.29409.12
MinimumVisualStudioVersion = 10.0.40219.1
Project("{9A19103F-16F7-4668-BE54-9A1E7A4F7556}") = "unit-tests", "unit-tests\unit-tests.csproj", "{92FDDB05-4ACD-464D-9E34-D04B5B3DEC12}"
EndProject
Global
	GlobalSection(SolutionConfigurationPlatforms) = preSolution
		Debug|Any CPU = Debug|Any CPU
		Release|Any CPU = Release|Any CPU
	EndGlobalSection
	GlobalSection(ProjectConfigurationPlatforms) = postSolution
		{92FDDB05-4ACD-464D-9E34-D04B5B3DEC12}.Debug|Any CPU.ActiveCfg = Debug|Any CPU
		{92FDDB05-4ACD-464D-9E34-D04B5B3DEC12}.Debug|Any CPU.Build.0 = Debug|Any CPU
		{92FDDB05-4ACD-464D-9E34-D04B5B3DEC12}.Release|Any CPU.ActiveCfg = Release|Any CPU
		{92FDDB05-4ACD-464D-9E34-D04B5B3DEC12}.Release|Any CPU.Build.0 = Release|Any CPU
	EndGlobalSection
	GlobalSection(SolutionProperties) = preSolution
		HideSolutionNode = FALSE
	EndGlobalSection
	GlobalSection(ExtensibilityGlobals) = postSolution
		SolutionGuid = {4BAAAD5E-E81F-46DD-836D-FE03B7E340F6}
	EndGlobalSection
EndGlobal
